
Microsoft Visual Studio Solution File, Format Version 12.00
# Visual Studio Version 17
VisualStudioVersion = 17.3.32901.215
MinimumVisualStudioVersion = 10.0.40219.1
Project("{9A19103F-16F7-4668-BE54-9A1E7A4F7556}") = "GreenFairy", "GreenFairy\GreenFairy.csproj", "{B77CD0FE-B015-48C5-92CF-6D5CB0AEBEDA}"
EndProject
Global
	GlobalSection(SolutionConfigurationPlatforms) = preSolution
		Debug|Any CPU = Debug|Any CPU
		Release|Any CPU = Release|Any CPU
	EndGlobalSection
	GlobalSection(ProjectConfigurationPlatforms) = postSolution
		{B77CD0FE-B015-48C5-92CF-6D5CB0AEBEDA}.Debug|Any CPU.ActiveCfg = Debug|Any CPU
		{B77CD0FE-B015-48C5-92CF-6D5CB0AEBEDA}.Debug|Any CPU.Build.0 = Debug|Any CPU
		{B77CD0FE-B015-48C5-92CF-6D5CB0AEBEDA}.Release|Any CPU.ActiveCfg = Release|Any CPU
		{B77CD0FE-B015-48C5-92CF-6D5CB0AEBEDA}.Release|Any CPU.Build.0 = Release|Any CPU
	EndGlobalSection
	GlobalSection(SolutionProperties) = preSolution
		HideSolutionNode = FALSE
	EndGlobalSection
	GlobalSection(ExtensibilityGlobals) = postSolution
		SolutionGuid = {5553BDC2-9361-4433-9FCE-1E930D8BF2BE}
	EndGlobalSection
EndGlobal
